
Microsoft Visual Studio Solution File, Format Version 12.00
Project("{FAE04EC0-301F-11D3-BF4B-00C04F79EFBC}") = "ArcadeGame.Winforms", "ArcadeGame.Winforms\ArcadeGame.Winforms.csproj", "{B9119741-6263-4057-AE22-1035078EC45E}"
EndProject
Project("{FAE04EC0-301F-11D3-BF4B-00C04F79EFBC}") = "ArcadeGame.Logic", "ArcadeGame.Logic\ArcadeGame.Logic.csproj", "{57673988-6258-45F9-9B22-026DC1729843}"
EndProject
Global
	GlobalSection(SolutionConfigurationPlatforms) = preSolution
		Debug|Any CPU = Debug|Any CPU
		Release|Any CPU = Release|Any CPU
	EndGlobalSection
	GlobalSection(ProjectConfigurationPlatforms) = postSolution
		{B9119741-6263-4057-AE22-1035078EC45E}.Debug|Any CPU.ActiveCfg = Debug|Any CPU
		{B9119741-6263-4057-AE22-1035078EC45E}.Debug|Any CPU.Build.0 = Debug|Any CPU
		{B9119741-6263-4057-AE22-1035078EC45E}.Release|Any CPU.ActiveCfg = Release|Any CPU
		{B9119741-6263-4057-AE22-1035078EC45E}.Release|Any CPU.Build.0 = Release|Any CPU
		{57673988-6258-45F9-9B22-026DC1729843}.Debug|Any CPU.ActiveCfg = Debug|Any CPU
		{57673988-6258-45F9-9B22-026DC1729843}.Debug|Any CPU.Build.0 = Debug|Any CPU
		{57673988-6258-45F9-9B22-026DC1729843}.Release|Any CPU.ActiveCfg = Release|Any CPU
		{57673988-6258-45F9-9B22-026DC1729843}.Release|Any CPU.Build.0 = Release|Any CPU
	EndGlobalSection
EndGlobal
